
Microsoft Visual Studio Solution File, Format Version 12.00
# Visual Studio 15
VisualStudioVersion = 15.0.26403.0
MinimumVisualStudioVersion = 10.0.40219.1
Project("{8BC9CEB8-8B4A-11D0-8D11-00A0C91BC942}") = "basicIteration", "basicIteration\basicIteration.vcxproj", "{74324D6A-7D75-498B-AD4D-353281717311}"
EndProject
Project("{8BC9CEB8-8B4A-11D0-8D11-00A0C91BC942}") = "Recursion", "Recursion\Recursion.vcxproj", "{84AAD16E-2661-4522-B72B-2F3D06B295F9}"
EndProject
Project("{8BC9CEB8-8B4A-11D0-8D11-00A0C91BC942}") = "FiboIteration", "FiboIteration\FiboIteration.vcxproj", "{6081E14A-85F4-40C2-BB5D-60A979651D82}"
EndProject
Project("{8BC9CEB8-8B4A-11D0-8D11-00A0C91BC942}") = "CombRecursion", "CombRecursion\CombRecursion.vcxproj", "{2FBFE5C8-3F41-4640-8F73-57D512B00456}"
EndProject
Project("{8BC9CEB8-8B4A-11D0-8D11-00A0C91BC942}") = "combIteration", "combIteration\combIteration.vcxproj", "{793D9D14-7A3C-45C6-8836-5199E7374117}"
EndProject
Project("{8BC9CEB8-8B4A-11D0-8D11-00A0C91BC942}") = "HanoiRecursion", "HanoiRecursion\HanoiRecursion.vcxproj", "{6A61BF2E-88A7-48F2-84B7-4D223E514184}"
EndProject
Project("{8BC9CEB8-8B4A-11D0-8D11-00A0C91BC942}") = "coinRecursion", "coinRecursion\coinRecursion.vcxproj", "{E73115C3-87B5-4BE5-91B1-AC8985FFAF42}"
EndProject
Project("{8BC9CEB8-8B4A-11D0-8D11-00A0C91BC942}") = "orderIteration", "orderIteration\orderIteration.vcxproj", "{89E7EF76-3F78-4851-B3B1-0D4A925496B1}"
EndProject
Project("{8BC9CEB8-8B4A-11D0-8D11-00A0C91BC942}") = "reductionOperation", "reductionOperation\reductionOperation.vcxproj", "{8DC84E99-7174-406F-A3D6-A50084D7C494}"
EndProject
Project("{8BC9CEB8-8B4A-11D0-8D11-00A0C91BC942}") = "Streetlight", "streetLight\streetLight.vcxproj", "{32F41FC3-6DCE-434E-AF3C-8AFA53367381}"
EndProject
Project("{8BC9CEB8-8B4A-11D0-8D11-00A0C91BC942}") = "ChainedMatrixMultiplication", "ChainedMatrixMultiplication\ChainedMatrixMultiplication.vcxproj", "{A93214C7-B3B0-453E-AF0C-21E6BC063F93}"
EndProject
Project("{8BC9CEB8-8B4A-11D0-8D11-00A0C91BC942}") = "MakeMaze", "MakeMaze\MakeMaze.vcxproj", "{8BB60BC1-011C-43E9-876D-AC4F4341C77B}"
EndProject
Global
	GlobalSection(SolutionConfigurationPlatforms) = preSolution
		Debug|x64 = Debug|x64
		Debug|x86 = Debug|x86
		Release|x64 = Release|x64
		Release|x86 = Release|x86
	EndGlobalSection
	GlobalSection(ProjectConfigurationPlatforms) = postSolution
		{74324D6A-7D75-498B-AD4D-353281717311}.Debug|x64.ActiveCfg = Debug|x64
		{74324D6A-7D75-498B-AD4D-353281717311}.Debug|x64.Build.0 = Debug|x64
		{74324D6A-7D75-498B-AD4D-353281717311}.Debug|x86.ActiveCfg = Debug|Win32
		{74324D6A-7D75-498B-AD4D-353281717311}.Debug|x86.Build.0 = Debug|Win32
		{74324D6A-7D75-498B-AD4D-353281717311}.Release|x64.ActiveCfg = Release|x64
		{74324D6A-7D75-498B-AD4D-353281717311}.Release|x64.Build.0 = Release|x64
		{74324D6A-7D75-498B-AD4D-353281717311}.Release|x86.ActiveCfg = Release|Win32
		{74324D6A-7D75-498B-AD4D-353281717311}.Release|x86.Build.0 = Release|Win32
		{84AAD16E-2661-4522-B72B-2F3D06B295F9}.Debug|x64.ActiveCfg = Debug|x64
		{84AAD16E-2661-4522-B72B-2F3D06B295F9}.Debug|x64.Build.0 = Debug|x64
		{84AAD16E-2661-4522-B72B-2F3D06B295F9}.Debug|x86.ActiveCfg = Debug|Win32
		{84AAD16E-2661-4522-B72B-2F3D06B295F9}.Debug|x86.Build.0 = Debug|Win32
		{84AAD16E-2661-4522-B72B-2F3D06B295F9}.Release|x64.ActiveCfg = Release|x64
		{84AAD16E-2661-4522-B72B-2F3D06B295F9}.Release|x64.Build.0 = Release|x64
		{84AAD16E-2661-4522-B72B-2F3D06B295F9}.Release|x86.ActiveCfg = Release|Win32
		{84AAD16E-2661-4522-B72B-2F3D06B295F9}.Release|x86.Build.0 = Release|Win32
		{6081E14A-85F4-40C2-BB5D-60A979651D82}.Debug|x64.ActiveCfg = Debug|x64
		{6081E14A-85F4-40C2-BB5D-60A979651D82}.Debug|x64.Build.0 = Debug|x64
		{6081E14A-85F4-40C2-BB5D-60A979651D82}.Debug|x86.ActiveCfg = Debug|Win32
		{6081E14A-85F4-40C2-BB5D-60A979651D82}.Debug|x86.Build.0 = Debug|Win32
		{6081E14A-85F4-40C2-BB5D-60A979651D82}.Release|x64.ActiveCfg = Release|x64
		{6081E14A-85F4-40C2-BB5D-60A979651D82}.Release|x64.Build.0 = Release|x64
		{6081E14A-85F4-40C2-BB5D-60A979651D82}.Release|x86.ActiveCfg = Release|Win32
		{6081E14A-85F4-40C2-BB5D-60A979651D82}.Release|x86.Build.0 = Release|Win32
		{2FBFE5C8-3F41-4640-8F73-57D512B00456}.Debug|x64.ActiveCfg = Debug|x64
		{2FBFE5C8-3F41-4640-8F73-57D512B00456}.Debug|x64.Build.0 = Debug|x64
		{2FBFE5C8-3F41-4640-8F73-57D512B00456}.Debug|x86.ActiveCfg = Debug|Win32
		{2FBFE5C8-3F41-4640-8F73-57D512B00456}.Debug|x86.Build.0 = Debug|Win32
		{2FBFE5C8-3F41-4640-8F73-57D512B00456}.Release|x64.ActiveCfg = Release|x64
		{2FBFE5C8-3F41-4640-8F73-57D512B00456}.Release|x64.Build.0 = Release|x64
		{2FBFE5C8-3F41-4640-8F73-57D512B00456}.Release|x86.ActiveCfg = Release|Win32
		{2FBFE5C8-3F41-4640-8F73-57D512B00456}.Release|x86.Build.0 = Release|Win32
		{793D9D14-7A3C-45C6-8836-5199E7374117}.Debug|x64.ActiveCfg = Debug|x64
		{793D9D14-7A3C-45C6-8836-5199E7374117}.Debug|x64.Build.0 = Debug|x64
		{793D9D14-7A3C-45C6-8836-5199E7374117}.Debug|x86.ActiveCfg = Debug|Win32
		{793D9D14-7A3C-45C6-8836-5199E7374117}.Debug|x86.Build.0 = Debug|Win32
		{793D9D14-7A3C-45C6-8836-5199E7374117}.Release|x64.ActiveCfg = Release|x64
		{793D9D14-7A3C-45C6-8836-5199E7374117}.Release|x64.Build.0 = Release|x64
		{793D9D14-7A3C-45C6-8836-5199E7374117}.Release|x86.ActiveCfg = Release|Win32
		{793D9D14-7A3C-45C6-8836-5199E7374117}.Release|x86.Build.0 = Release|Win32
		{6A61BF2E-88A7-48F2-84B7-4D223E514184}.Debug|x64.ActiveCfg = Debug|x64
		{6A61BF2E-88A7-48F2-84B7-4D223E514184}.Debug|x64.Build.0 = Debug|x64
		{6A61BF2E-88A7-48F2-84B7-4D223E514184}.Debug|x86.ActiveCfg = Debug|Win32
		{6A61BF2E-88A7-48F2-84B7-4D223E514184}.Debug|x86.Build.0 = Debug|Win32
		{6A61BF2E-88A7-48F2-84B7-4D223E514184}.Release|x64.ActiveCfg = Release|x64
		{6A61BF2E-88A7-48F2-84B7-4D223E514184}.Release|x64.Build.0 = Release|x64
		{6A61BF2E-88A7-48F2-84B7-4D223E514184}.Release|x86.ActiveCfg = Release|Win32
		{6A61BF2E-88A7-48F2-84B7-4D223E514184}.Release|x86.Build.0 = Release|Win32
		{E73115C3-87B5-4BE5-91B1-AC8985FFAF42}.Debug|x64.ActiveCfg = Debug|x64
		{E73115C3-87B5-4BE5-91B1-AC8985FFAF42}.Debug|x64.Build.0 = Debug|x64
		{E73115C3-87B5-4BE5-91B1-AC8985FFAF42}.Debug|x86.ActiveCfg = Debug|Win32
		{E73115C3-87B5-4BE5-91B1-AC8985FFAF42}.Debug|x86.Build.0 = Debug|Win32
		{E73115C3-87B5-4BE5-91B1-AC8985FFAF42}.Release|x64.ActiveCfg = Release|x64
		{E73115C3-87B5-4BE5-91B1-AC8985FFAF42}.Release|x64.Build.0 = Release|x64
		{E73115C3-87B5-4BE5-91B1-AC8985FFAF42}.Release|x86.ActiveCfg = Release|Win32
		{E73115C3-87B5-4BE5-91B1-AC8985FFAF42}.Release|x86.Build.0 = Release|Win32
		{89E7EF76-3F78-4851-B3B1-0D4A925496B1}.Debug|x64.ActiveCfg = Debug|x64
		{89E7EF76-3F78-4851-B3B1-0D4A925496B1}.Debug|x64.Build.0 = Debug|x64
		{89E7EF76-3F78-4851-B3B1-0D4A925496B1}.Debug|x86.ActiveCfg = Debug|Win32
		{89E7EF76-3F78-4851-B3B1-0D4A925496B1}.Debug|x86.Build.0 = Debug|Win32
		{89E7EF76-3F78-4851-B3B1-0D4A925496B1}.Release|x64.ActiveCfg = Release|x64
		{89E7EF76-3F78-4851-B3B1-0D4A925496B1}.Release|x64.Build.0 = Release|x64
		{89E7EF76-3F78-4851-B3B1-0D4A925496B1}.Release|x86.ActiveCfg = Release|Win32
		{89E7EF76-3F78-4851-B3B1-0D4A925496B1}.Release|x86.Build.0 = Release|Win32
		{8DC84E99-7174-406F-A3D6-A50084D7C494}.Debug|x64.ActiveCfg = Debug|x64
		{8DC84E99-7174-406F-A3D6-A50084D7C494}.Debug|x64.Build.0 = Debug|x64
		{8DC84E99-7174-406F-A3D6-A50084D7C494}.Debug|x86.ActiveCfg = Debug|Win32
		{8DC84E99-7174-406F-A3D6-A50084D7C494}.Debug|x86.Build.0 = Debug|Win32
		{8DC84E99-7174-406F-A3D6-A50084D7C494}.Release|x64.ActiveCfg = Release|x64
		{8DC84E99-7174-406F-A3D6-A50084D7C494}.Release|x64.Build.0 = Release|x64
		{8DC84E99-7174-406F-A3D6-A50084D7C494}.Release|x86.ActiveCfg = Release|Win32
		{8DC84E99-7174-406F-A3D6-A50084D7C494}.Release|x86.Build.0 = Release|Win32
		{32F41FC3-6DCE-434E-AF3C-8AFA53367381}.Debug|x64.ActiveCfg = Debug|x64
		{32F41FC3-6DCE-434E-AF3C-8AFA53367381}.Debug|x64.Build.0 = Debug|x64
		{32F41FC3-6DCE-434E-AF3C-8AFA53367381}.Debug|x86.ActiveCfg = Debug|Win32
		{32F41FC3-6DCE-434E-AF3C-8AFA53367381}.Debug|x86.Build.0 = Debug|Win32
		{32F41FC3-6DCE-434E-AF3C-8AFA53367381}.Release|x64.ActiveCfg = Release|x64
		{32F41FC3-6DCE-434E-AF3C-8AFA53367381}.Release|x64.Build.0 = Release|x64
		{32F41FC3-6DCE-434E-AF3C-8AFA53367381}.Release|x86.ActiveCfg = Release|Win32
		{32F41FC3-6DCE-434E-AF3C-8AFA53367381}.Release|x86.Build.0 = Release|Win32
		{A93214C7-B3B0-453E-AF0C-21E6BC063F93}.Debug|x64.ActiveCfg = Debug|x64
		{A93214C7-B3B0-453E-AF0C-21E6BC063F93}.Debug|x64.Build.0 = Debug|x64
		{A93214C7-B3B0-453E-AF0C-21E6BC063F93}.Debug|x86.ActiveCfg = Debug|Win32
		{A93214C7-B3B0-453E-AF0C-21E6BC063F93}.Debug|x86.Build.0 = Debug|Win32
		{A93214C7-B3B0-453E-AF0C-21E6BC063F93}.Release|x64.ActiveCfg = Release|x64
		{A93214C7-B3B0-453E-AF0C-21E6BC063F93}.Release|x64.Build.0 = Release|x64
		{A93214C7-B3B0-453E-AF0C-21E6BC063F93}.Release|x86.ActiveCfg = Release|Win32
		{A93214C7-B3B0-453E-AF0C-21E6BC063F93}.Release|x86.Build.0 = Release|Win32
		{8BB60BC1-011C-43E9-876D-AC4F4341C77B}.Debug|x64.ActiveCfg = Debug|x64
		{8BB60BC1-011C-43E9-876D-AC4F4341C77B}.Debug|x64.Build.0 = Debug|x64
		{8BB60BC1-011C-43E9-876D-AC4F4341C77B}.Debug|x86.ActiveCfg = Debug|Win32
		{8BB60BC1-011C-43E9-876D-AC4F4341C77B}.Debug|x86.Build.0 = Debug|Win32
		{8BB60BC1-011C-43E9-876D-AC4F4341C77B}.Release|x64.ActiveCfg = Release|x64
		{8BB60BC1-011C-43E9-876D-AC4F4341C77B}.Release|x64.Build.0 = Release|x64
		{8BB60BC1-011C-43E9-876D-AC4F4341C77B}.Release|x86.ActiveCfg = Release|Win32
		{8BB60BC1-011C-43E9-876D-AC4F4341C77B}.Release|x86.Build.0 = Release|Win32
	EndGlobalSection
	GlobalSection(SolutionProperties) = preSolution
		HideSolutionNode = FALSE
	EndGlobalSection
EndGlobal
